
Microsoft Visual Studio Solution File, Format Version 12.00
# Visual Studio Version 17
VisualStudioVersion = 17.0.31903.59
MinimumVisualStudioVersion = 10.0.40219.1
Project("{FAE04EC0-301F-11D3-BF4B-00C04F79EFBC}") = "netlogic.core", "netlogic.core\netlogic.core.csproj", "{6099971E-9B5E-4F74-B075-D005F8EC6006}"
EndProject
Project("{FAE04EC0-301F-11D3-BF4B-00C04F79EFBC}") = "netlogic.app", "netlogic.app\netlogic.app.csproj", "{DD0ACCCD-58E2-4BFE-A352-F185B2B6C3D5}"
EndProject
Global
	GlobalSection(SolutionConfigurationPlatforms) = preSolution
		Debug|Any CPU = Debug|Any CPU
		Debug|x64 = Debug|x64
		Debug|x86 = Debug|x86
		Release|Any CPU = Release|Any CPU
		Release|x64 = Release|x64
		Release|x86 = Release|x86
	EndGlobalSection
	GlobalSection(ProjectConfigurationPlatforms) = postSolution
		{6099971E-9B5E-4F74-B075-D005F8EC6006}.Debug|Any CPU.ActiveCfg = Debug|Any CPU
		{6099971E-9B5E-4F74-B075-D005F8EC6006}.Debug|Any CPU.Build.0 = Debug|Any CPU
		{6099971E-9B5E-4F74-B075-D005F8EC6006}.Debug|x64.ActiveCfg = Debug|Any CPU
		{6099971E-9B5E-4F74-B075-D005F8EC6006}.Debug|x64.Build.0 = Debug|Any CPU
		{6099971E-9B5E-4F74-B075-D005F8EC6006}.Debug|x86.ActiveCfg = Debug|Any CPU
		{6099971E-9B5E-4F74-B075-D005F8EC6006}.Debug|x86.Build.0 = Debug|Any CPU
		{6099971E-9B5E-4F74-B075-D005F8EC6006}.Release|Any CPU.ActiveCfg = Release|Any CPU
		{6099971E-9B5E-4F74-B075-D005F8EC6006}.Release|Any CPU.Build.0 = Release|Any CPU
		{6099971E-9B5E-4F74-B075-D005F8EC6006}.Release|x64.ActiveCfg = Release|Any CPU
		{6099971E-9B5E-4F74-B075-D005F8EC6006}.Release|x64.Build.0 = Release|Any CPU
		{6099971E-9B5E-4F74-B075-D005F8EC6006}.Release|x86.ActiveCfg = Release|Any CPU
		{6099971E-9B5E-4F74-B075-D005F8EC6006}.Release|x86.Build.0 = Release|Any CPU
		{DD0ACCCD-58E2-4BFE-A352-F185B2B6C3D5}.Debug|Any CPU.ActiveCfg = Debug|Any CPU
		{DD0ACCCD-58E2-4BFE-A352-F185B2B6C3D5}.Debug|Any CPU.Build.0 = Debug|Any CPU
		{DD0ACCCD-58E2-4BFE-A352-F185B2B6C3D5}.Debug|x64.ActiveCfg = Debug|Any CPU
		{DD0ACCCD-58E2-4BFE-A352-F185B2B6C3D5}.Debug|x64.Build.0 = Debug|Any CPU
		{DD0ACCCD-58E2-4BFE-A352-F185B2B6C3D5}.Debug|x86.ActiveCfg = Debug|Any CPU
		{DD0ACCCD-58E2-4BFE-A352-F185B2B6C3D5}.Debug|x86.Build.0 = Debug|Any CPU
		{DD0ACCCD-58E2-4BFE-A352-F185B2B6C3D5}.Release|Any CPU.ActiveCfg = Release|Any CPU
		{DD0ACCCD-58E2-4BFE-A352-F185B2B6C3D5}.Release|Any CPU.Build.0 = Release|Any CPU
		{DD0ACCCD-58E2-4BFE-A352-F185B2B6C3D5}.Release|x64.ActiveCfg = Release|Any CPU
		{DD0ACCCD-58E2-4BFE-A352-F185B2B6C3D5}.Release|x64.Build.0 = Release|Any CPU
		{DD0ACCCD-58E2-4BFE-A352-F185B2B6C3D5}.Release|x86.ActiveCfg = Release|Any CPU
		{DD0ACCCD-58E2-4BFE-A352-F185B2B6C3D5}.Release|x86.Build.0 = Release|Any CPU
	EndGlobalSection
	GlobalSection(SolutionProperties) = preSolution
		HideSolutionNode = FALSE
	EndGlobalSection
EndGlobal
